
Microsoft Visual Studio Solution File, Format Version 12.00
# Visual Studio Version 17
VisualStudioVersion = 17.0.31912.275
MinimumVisualStudioVersion = 10.0.40219.1
Project("{2150E333-8FDC-42A3-9474-1A3956D46DE8}") = "src", "src", "{F431628B-FFBF-4EF5-A56D-38810E3CD0C1}"
EndProject
Project("{9A19103F-16F7-4668-BE54-9A1E7A4F7556}") = "EC_Domain", "EC_Domain\EC_Domain.csproj", "{0A5439C4-46BE-42B3-B9D6-F307CE7918BA}"
EndProject
Project("{9A19103F-16F7-4668-BE54-9A1E7A4F7556}") = "EC_Repository", "EC_Repository\EC_Repository.csproj", "{2A440131-313A-4EBB-83C7-8B1268BDEC42}"
EndProject
Project("{9A19103F-16F7-4668-BE54-9A1E7A4F7556}") = "EC_Services", "EC_Services\EC_Services.csproj", "{4494F35D-09AB-413C-990D-D4EF369F455E}"
EndProject
Project("{9A19103F-16F7-4668-BE54-9A1E7A4F7556}") = "EC_Web", "EC_Web\EC_Web.csproj", "{848E8A9E-B906-4CFD-BB3E-2904E122DF99}"
	ProjectSection(ProjectDependencies) = postProject
		{4494F35D-09AB-413C-990D-D4EF369F455E} = {4494F35D-09AB-413C-990D-D4EF369F455E}
	EndProjectSection
EndProject
Project("{2150E333-8FDC-42A3-9474-1A3956D46DE8}") = "Core", "Core", "{9F8EE5FD-8BB5-415E-BE01-66161035E344}"
EndProject
Project("{2150E333-8FDC-42A3-9474-1A3956D46DE8}") = "Infrastructure", "Infrastructure", "{E786A7B7-355A-4EA7-A8C9-3A722FEFF52B}"
EndProject
Project("{2150E333-8FDC-42A3-9474-1A3956D46DE8}") = "WebApi", "WebApi", "{F7F9E0FE-7BC2-4965-ABAA-AF65E8C5AB61}"
EndProject
Project("{FAE04EC0-301F-11D3-BF4B-00C04F79EFBC}") = "Application", "Application\Application.csproj", "{257B1321-7D22-4092-B591-6D013282613A}"
EndProject
Global
	GlobalSection(SolutionConfigurationPlatforms) = preSolution
		Debug|Any CPU = Debug|Any CPU
		Release|Any CPU = Release|Any CPU
	EndGlobalSection
	GlobalSection(ProjectConfigurationPlatforms) = postSolution
		{0A5439C4-46BE-42B3-B9D6-F307CE7918BA}.Debug|Any CPU.ActiveCfg = Debug|Any CPU
		{0A5439C4-46BE-42B3-B9D6-F307CE7918BA}.Debug|Any CPU.Build.0 = Debug|Any CPU
		{0A5439C4-46BE-42B3-B9D6-F307CE7918BA}.Release|Any CPU.ActiveCfg = Release|Any CPU
		{0A5439C4-46BE-42B3-B9D6-F307CE7918BA}.Release|Any CPU.Build.0 = Release|Any CPU
		{2A440131-313A-4EBB-83C7-8B1268BDEC42}.Debug|Any CPU.ActiveCfg = Debug|Any CPU
		{2A440131-313A-4EBB-83C7-8B1268BDEC42}.Debug|Any CPU.Build.0 = Debug|Any CPU
		{2A440131-313A-4EBB-83C7-8B1268BDEC42}.Release|Any CPU.ActiveCfg = Release|Any CPU
		{2A440131-313A-4EBB-83C7-8B1268BDEC42}.Release|Any CPU.Build.0 = Release|Any CPU
		{4494F35D-09AB-413C-990D-D4EF369F455E}.Debug|Any CPU.ActiveCfg = Debug|Any CPU
		{4494F35D-09AB-413C-990D-D4EF369F455E}.Debug|Any CPU.Build.0 = Debug|Any CPU
		{4494F35D-09AB-413C-990D-D4EF369F455E}.Release|Any CPU.ActiveCfg = Release|Any CPU
		{4494F35D-09AB-413C-990D-D4EF369F455E}.Release|Any CPU.Build.0 = Release|Any CPU
		{848E8A9E-B906-4CFD-BB3E-2904E122DF99}.Debug|Any CPU.ActiveCfg = Debug|Any CPU
		{848E8A9E-B906-4CFD-BB3E-2904E122DF99}.Debug|Any CPU.Build.0 = Debug|Any CPU
		{848E8A9E-B906-4CFD-BB3E-2904E122DF99}.Release|Any CPU.ActiveCfg = Release|Any CPU
		{848E8A9E-B906-4CFD-BB3E-2904E122DF99}.Release|Any CPU.Build.0 = Release|Any CPU
		{257B1321-7D22-4092-B591-6D013282613A}.Debug|Any CPU.ActiveCfg = Debug|Any CPU
		{257B1321-7D22-4092-B591-6D013282613A}.Debug|Any CPU.Build.0 = Debug|Any CPU
		{257B1321-7D22-4092-B591-6D013282613A}.Release|Any CPU.ActiveCfg = Release|Any CPU
		{257B1321-7D22-4092-B591-6D013282613A}.Release|Any CPU.Build.0 = Release|Any CPU
	EndGlobalSection
	GlobalSection(SolutionProperties) = preSolution
		HideSolutionNode = FALSE
	EndGlobalSection
	GlobalSection(NestedProjects) = preSolution
		{0A5439C4-46BE-42B3-B9D6-F307CE7918BA} = {9F8EE5FD-8BB5-415E-BE01-66161035E344}
		{2A440131-313A-4EBB-83C7-8B1268BDEC42} = {E786A7B7-355A-4EA7-A8C9-3A722FEFF52B}
		{4494F35D-09AB-413C-990D-D4EF369F455E} = {E786A7B7-355A-4EA7-A8C9-3A722FEFF52B}
		{848E8A9E-B906-4CFD-BB3E-2904E122DF99} = {F7F9E0FE-7BC2-4965-ABAA-AF65E8C5AB61}
		{9F8EE5FD-8BB5-415E-BE01-66161035E344} = {F431628B-FFBF-4EF5-A56D-38810E3CD0C1}
		{E786A7B7-355A-4EA7-A8C9-3A722FEFF52B} = {F431628B-FFBF-4EF5-A56D-38810E3CD0C1}
		{F7F9E0FE-7BC2-4965-ABAA-AF65E8C5AB61} = {F431628B-FFBF-4EF5-A56D-38810E3CD0C1}
		{257B1321-7D22-4092-B591-6D013282613A} = {9F8EE5FD-8BB5-415E-BE01-66161035E344}
	EndGlobalSection
	GlobalSection(ExtensibilityGlobals) = postSolution
		SolutionGuid = {52339066-03EB-4FE5-9342-B83FA863B7D0}
	EndGlobalSection
EndGlobal
